
Microsoft Visual Studio Solution File, Format Version 12.00
# Visual Studio Version 17
VisualStudioVersion = 17.8.34330.188
MinimumVisualStudioVersion = 10.0.40219.1
Project("{FAE04EC0-301F-11D3-BF4B-00C04F79EFBC}") = "Kartenraten1", "Kartenraten1\Kartenraten1.csproj", "{D2270374-B923-49FC-BBE9-67D1760F1B0F}"
EndProject
Global
	GlobalSection(SolutionConfigurationPlatforms) = preSolution
		Debug|Any CPU = Debug|Any CPU
		Release|Any CPU = Release|Any CPU
	EndGlobalSection
	GlobalSection(ProjectConfigurationPlatforms) = postSolution
		{D2270374-B923-49FC-BBE9-67D1760F1B0F}.Debug|Any CPU.ActiveCfg = Debug|Any CPU
		{D2270374-B923-49FC-BBE9-67D1760F1B0F}.Debug|Any CPU.Build.0 = Debug|Any CPU
		{D2270374-B923-49FC-BBE9-67D1760F1B0F}.Release|Any CPU.ActiveCfg = Release|Any CPU
		{D2270374-B923-49FC-BBE9-67D1760F1B0F}.Release|Any CPU.Build.0 = Release|Any CPU
	EndGlobalSection
	GlobalSection(SolutionProperties) = preSolution
		HideSolutionNode = FALSE
	EndGlobalSection
	GlobalSection(ExtensibilityGlobals) = postSolution
		SolutionGuid = {C5C4F75E-1CA5-410F-9B64-6E3DCCADDB7F}
	EndGlobalSection
EndGlobal
